{
  "name": "DeepCrop",
  "lockfileVersion": 3,
  "requires": true,
  "packages": {
    "": {
      "dependencies": {
        "copilot": "^0.0.2"
      }
    },
    "node_modules/@github/copilot": {
      "version": "0.0.351",
      "resolved": "https://registry.npmjs.org/@github/copilot/-/copilot-0.0.351.tgz",
      "integrity": "sha512-a3FgxgOvTi3uDVpcD0nxlTwKAGvILeSdf4NKYOAgSQ6HGANJhDGsBtk6O9nUnUAoskkGDDn7vrENM9svOs3sUw==",
      "license": "SEE LICENSE IN LICENSE.md",
      "bin": {
        "copilot": "index.js"
      },
      "engines": {
        "node": ">=22"
      }
    },
    "node_modules/copilot": {
      "version": "0.0.2",
      "resolved": "https://registry.npmjs.org/copilot/-/copilot-0.0.2.tgz",
      "integrity": "sha512-nedf34AaYj9JnFhRmiJEZemAno2WDXMypq6FW5aCVR0N+QdpQ6viukP1JpvJDChpaMEVvbUkMjmjMifJbO/AgQ==",
      "dependencies": {
        "@github/copilot": "latest"
      },
      "bin": {
        "copilot": "node_modules/@github/copilot/index.js"
      }
    }
  }
}
